
Microsoft Visual Studio Solution File, Format Version 12.00
# Visual Studio Version 17
VisualStudioVersion = 17.0.31903.59
MinimumVisualStudioVersion = 10.0.40219.1
Project("{2150E333-8FDC-42A3-9474-1A3956D46DE8}") = "src", "src", "{827E0CD3-B72D-47B6-A68D-7590B98EB39B}"
EndProject
Project("{FAE04EC0-301F-11D3-BF4B-00C04F79EFBC}") = "CashFlow.Transactions.Api", "src\CashFlow.Transactions.Api\CashFlow.Transactions.Api.csproj", "{7725F0AA-F040-43B4-995D-A21759B3494B}"
EndProject
Project("{FAE04EC0-301F-11D3-BF4B-00C04F79EFBC}") = "CashFlow.Customers.Tests", "tests\CashFlow.Customers.Tests\CashFlow.Customers.Tests.csproj", "{33907D2F-D09D-47C4-B620-7D52C8DF947F}"
EndProject
Project("{2150E333-8FDC-42A3-9474-1A3956D46DE8}") = "tests", "tests", "{F430418C-DA65-43B2-A973-2EA966ED645C}"
EndProject
Project("{FAE04EC0-301F-11D3-BF4B-00C04F79EFBC}") = "CashFlow.Lib.Sharable", "src\CashFlow.Lib.Sharable\CashFlow.Lib.Sharable.csproj", "{1C147B7E-3CB0-4B6C-95AF-BA5FE7170B83}"
EndProject
Project("{FAE04EC0-301F-11D3-BF4B-00C04F79EFBC}") = "CashFlow.Consolidation.Api", "src\CashFlow.Consolidation.Api\CashFlow.Consolidation.Api.csproj", "{E2B8FFDC-7FCF-47BE-BD2B-4BDA635057E9}"
EndProject
Project("{FAE04EC0-301F-11D3-BF4B-00C04F79EFBC}") = "CashFlow.Lib.EventBus", "src\CashFlow.Lib.EventBus\CashFlow.Lib.EventBus.csproj", "{F0E00609-225E-4E91-98AF-520E28199423}"
EndProject
Project("{FAE04EC0-301F-11D3-BF4B-00C04F79EFBC}") = "CashFlow.Customers.Api", "src\CashFlow.Customers.Api\CashFlow.Customers.Api.csproj", "{E1C5FECF-98D0-4C40-8EBE-E89A457E619B}"
EndProject
Project("{2150E333-8FDC-42A3-9474-1A3956D46DE8}") = "CustomerManagement", "CustomerManagement", "{9A2C27BA-B0F7-4107-B849-645F96997B36}"
EndProject
Project("{FAE04EC0-301F-11D3-BF4B-00C04F79EFBC}") = "CashFlow.Customers.Domain", "src\CashFlow.Customers.Domain\CashFlow.Customers.Domain.csproj", "{6562A34E-E975-4F5C-8F80-00067039A4DD}"
EndProject
Project("{FAE04EC0-301F-11D3-BF4B-00C04F79EFBC}") = "CashFlow.Customers.Application", "src\CashFlow.Customers.Application\CashFlow.Customers.Application.csproj", "{150EAB0D-ACE5-48D1-9EFC-E06E8BA99B08}"
EndProject
Project("{FAE04EC0-301F-11D3-BF4B-00C04F79EFBC}") = "CashFlow.Customers.Data", "src\CashFlow.Customers.Data\CashFlow.Customers.Data.csproj", "{B3393620-21F3-4F2D-A0A0-C211D259BA29}"
EndProject
Project("{FAE04EC0-301F-11D3-BF4B-00C04F79EFBC}") = "CashFlow.AppHost", "src\CashFlow.AppHost\CashFlow.AppHost.csproj", "{E21B83CE-2216-4EE2-955B-F98E3FE5A850}"
EndProject
Project("{2150E333-8FDC-42A3-9474-1A3956D46DE8}") = "TransactionManagement", "TransactionManagement", "{1AB905AC-FE2D-405E-94C6-18DD664B121D}"
EndProject
Project("{FAE04EC0-301F-11D3-BF4B-00C04F79EFBC}") = "CashFlow.Transactions.Domain", "src\CashFlow.Transactions.Domain\CashFlow.Transactions.Domain.csproj", "{139B816D-15D7-49F1-8C87-ED0A035BCF33}"
EndProject
Project("{FAE04EC0-301F-11D3-BF4B-00C04F79EFBC}") = "CashFlow.Transactions.Application", "src\CashFlow.Transactions.Application\CashFlow.Transactions.Application.csproj", "{5C50B266-EDA4-479D-BB5E-22296C1E3C55}"
EndProject
Project("{FAE04EC0-301F-11D3-BF4B-00C04F79EFBC}") = "CashFlow.Transactions.Data", "src\CashFlow.Transactions.Data\CashFlow.Transactions.Data.csproj", "{AC63C45B-1AD4-4406-9227-D24D6704B277}"
EndProject
Project("{2150E333-8FDC-42A3-9474-1A3956D46DE8}") = "DataManagement", "DataManagement", "{1DC89932-90C3-4810-8EC0-8605ABAF6BE9}"
EndProject
Project("{FAE04EC0-301F-11D3-BF4B-00C04F79EFBC}") = "CashFlow.Transactions.Tests", "tests\CashFlow.Transactions.Tests\CashFlow.Transactions.Tests.csproj", "{8FFF4FC4-250D-43C6-B902-764219E9F51B}"
EndProject
Project("{FAE04EC0-301F-11D3-BF4B-00C04F79EFBC}") = "CashFlow.Transactions.Worker", "src\CashFlow.Transactions.Worker\CashFlow.Transactions.Worker.csproj", "{45D22FB6-D323-40EA-BF20-17C40CF58CFE}"
EndProject
Project("{FAE04EC0-301F-11D3-BF4B-00C04F79EFBC}") = "CashFlow.Consolidation.Data", "src\CashFlow.Consolidation.Data\CashFlow.Consolidation.Data.csproj", "{0FA9B17A-EE4D-463E-9248-BE12EC101926}"
EndProject
Project("{FAE04EC0-301F-11D3-BF4B-00C04F79EFBC}") = "CashFlow.Consolidation.Domain", "src\CashFlow.Consolidation.Domain\CashFlow.Consolidation.Domain.csproj", "{C2312955-DAC9-49D9-8C6F-EBFAA9CB87C9}"
EndProject
Project("{FAE04EC0-301F-11D3-BF4B-00C04F79EFBC}") = "CashFlow.Consolidation.Application", "src\CashFlow.Consolidation.Application\CashFlow.Consolidation.Application.csproj", "{5BDD2293-F62A-42CF-9C4E-A7DD48125377}"
EndProject
Project("{FAE04EC0-301F-11D3-BF4B-00C04F79EFBC}") = "CashFlow.Consolidation.Worker", "src\CashFlow.Consolidation.Worker\CashFlow.Consolidation.Worker.csproj", "{1DCFE39A-DA11-4E3B-94C1-340EF4878006}"
EndProject
Global
	GlobalSection(SolutionConfigurationPlatforms) = preSolution
		Debug|Any CPU = Debug|Any CPU
		Debug|x64 = Debug|x64
		Debug|x86 = Debug|x86
		Release|Any CPU = Release|Any CPU
		Release|x64 = Release|x64
		Release|x86 = Release|x86
	EndGlobalSection
	GlobalSection(ProjectConfigurationPlatforms) = postSolution
		{7725F0AA-F040-43B4-995D-A21759B3494B}.Debug|Any CPU.ActiveCfg = Debug|Any CPU
		{7725F0AA-F040-43B4-995D-A21759B3494B}.Debug|Any CPU.Build.0 = Debug|Any CPU
		{7725F0AA-F040-43B4-995D-A21759B3494B}.Debug|x64.ActiveCfg = Debug|Any CPU
		{7725F0AA-F040-43B4-995D-A21759B3494B}.Debug|x64.Build.0 = Debug|Any CPU
		{7725F0AA-F040-43B4-995D-A21759B3494B}.Debug|x86.ActiveCfg = Debug|Any CPU
		{7725F0AA-F040-43B4-995D-A21759B3494B}.Debug|x86.Build.0 = Debug|Any CPU
		{7725F0AA-F040-43B4-995D-A21759B3494B}.Release|Any CPU.ActiveCfg = Release|Any CPU
		{7725F0AA-F040-43B4-995D-A21759B3494B}.Release|Any CPU.Build.0 = Release|Any CPU
		{7725F0AA-F040-43B4-995D-A21759B3494B}.Release|x64.ActiveCfg = Release|Any CPU
		{7725F0AA-F040-43B4-995D-A21759B3494B}.Release|x64.Build.0 = Release|Any CPU
		{7725F0AA-F040-43B4-995D-A21759B3494B}.Release|x86.ActiveCfg = Release|Any CPU
		{7725F0AA-F040-43B4-995D-A21759B3494B}.Release|x86.Build.0 = Release|Any CPU
		{33907D2F-D09D-47C4-B620-7D52C8DF947F}.Debug|Any CPU.ActiveCfg = Debug|Any CPU
		{33907D2F-D09D-47C4-B620-7D52C8DF947F}.Debug|Any CPU.Build.0 = Debug|Any CPU
		{33907D2F-D09D-47C4-B620-7D52C8DF947F}.Debug|x64.ActiveCfg = Debug|Any CPU
		{33907D2F-D09D-47C4-B620-7D52C8DF947F}.Debug|x64.Build.0 = Debug|Any CPU
		{33907D2F-D09D-47C4-B620-7D52C8DF947F}.Debug|x86.ActiveCfg = Debug|Any CPU
		{33907D2F-D09D-47C4-B620-7D52C8DF947F}.Debug|x86.Build.0 = Debug|Any CPU
		{33907D2F-D09D-47C4-B620-7D52C8DF947F}.Release|Any CPU.ActiveCfg = Release|Any CPU
		{33907D2F-D09D-47C4-B620-7D52C8DF947F}.Release|Any CPU.Build.0 = Release|Any CPU
		{33907D2F-D09D-47C4-B620-7D52C8DF947F}.Release|x64.ActiveCfg = Release|Any CPU
		{33907D2F-D09D-47C4-B620-7D52C8DF947F}.Release|x64.Build.0 = Release|Any CPU
		{33907D2F-D09D-47C4-B620-7D52C8DF947F}.Release|x86.ActiveCfg = Release|Any CPU
		{33907D2F-D09D-47C4-B620-7D52C8DF947F}.Release|x86.Build.0 = Release|Any CPU
		{1C147B7E-3CB0-4B6C-95AF-BA5FE7170B83}.Debug|Any CPU.ActiveCfg = Debug|Any CPU
		{1C147B7E-3CB0-4B6C-95AF-BA5FE7170B83}.Debug|Any CPU.Build.0 = Debug|Any CPU
		{1C147B7E-3CB0-4B6C-95AF-BA5FE7170B83}.Debug|x64.ActiveCfg = Debug|Any CPU
		{1C147B7E-3CB0-4B6C-95AF-BA5FE7170B83}.Debug|x64.Build.0 = Debug|Any CPU
		{1C147B7E-3CB0-4B6C-95AF-BA5FE7170B83}.Debug|x86.ActiveCfg = Debug|Any CPU
		{1C147B7E-3CB0-4B6C-95AF-BA5FE7170B83}.Debug|x86.Build.0 = Debug|Any CPU
		{1C147B7E-3CB0-4B6C-95AF-BA5FE7170B83}.Release|Any CPU.ActiveCfg = Release|Any CPU
		{1C147B7E-3CB0-4B6C-95AF-BA5FE7170B83}.Release|Any CPU.Build.0 = Release|Any CPU
		{1C147B7E-3CB0-4B6C-95AF-BA5FE7170B83}.Release|x64.ActiveCfg = Release|Any CPU
		{1C147B7E-3CB0-4B6C-95AF-BA5FE7170B83}.Release|x64.Build.0 = Release|Any CPU
		{1C147B7E-3CB0-4B6C-95AF-BA5FE7170B83}.Release|x86.ActiveCfg = Release|Any CPU
		{1C147B7E-3CB0-4B6C-95AF-BA5FE7170B83}.Release|x86.Build.0 = Release|Any CPU
		{E2B8FFDC-7FCF-47BE-BD2B-4BDA635057E9}.Debug|Any CPU.ActiveCfg = Debug|Any CPU
		{E2B8FFDC-7FCF-47BE-BD2B-4BDA635057E9}.Debug|Any CPU.Build.0 = Debug|Any CPU
		{E2B8FFDC-7FCF-47BE-BD2B-4BDA635057E9}.Debug|x64.ActiveCfg = Debug|Any CPU
		{E2B8FFDC-7FCF-47BE-BD2B-4BDA635057E9}.Debug|x64.Build.0 = Debug|Any CPU
		{E2B8FFDC-7FCF-47BE-BD2B-4BDA635057E9}.Debug|x86.ActiveCfg = Debug|Any CPU
		{E2B8FFDC-7FCF-47BE-BD2B-4BDA635057E9}.Debug|x86.Build.0 = Debug|Any CPU
		{E2B8FFDC-7FCF-47BE-BD2B-4BDA635057E9}.Release|Any CPU.ActiveCfg = Release|Any CPU
		{E2B8FFDC-7FCF-47BE-BD2B-4BDA635057E9}.Release|Any CPU.Build.0 = Release|Any CPU
		{E2B8FFDC-7FCF-47BE-BD2B-4BDA635057E9}.Release|x64.ActiveCfg = Release|Any CPU
		{E2B8FFDC-7FCF-47BE-BD2B-4BDA635057E9}.Release|x64.Build.0 = Release|Any CPU
		{E2B8FFDC-7FCF-47BE-BD2B-4BDA635057E9}.Release|x86.ActiveCfg = Release|Any CPU
		{E2B8FFDC-7FCF-47BE-BD2B-4BDA635057E9}.Release|x86.Build.0 = Release|Any CPU
		{F0E00609-225E-4E91-98AF-520E28199423}.Debug|Any CPU.ActiveCfg = Debug|Any CPU
		{F0E00609-225E-4E91-98AF-520E28199423}.Debug|Any CPU.Build.0 = Debug|Any CPU
		{F0E00609-225E-4E91-98AF-520E28199423}.Debug|x64.ActiveCfg = Debug|Any CPU
		{F0E00609-225E-4E91-98AF-520E28199423}.Debug|x64.Build.0 = Debug|Any CPU
		{F0E00609-225E-4E91-98AF-520E28199423}.Debug|x86.ActiveCfg = Debug|Any CPU
		{F0E00609-225E-4E91-98AF-520E28199423}.Debug|x86.Build.0 = Debug|Any CPU
		{F0E00609-225E-4E91-98AF-520E28199423}.Release|Any CPU.ActiveCfg = Release|Any CPU
		{F0E00609-225E-4E91-98AF-520E28199423}.Release|Any CPU.Build.0 = Release|Any CPU
		{F0E00609-225E-4E91-98AF-520E28199423}.Release|x64.ActiveCfg = Release|Any CPU
		{F0E00609-225E-4E91-98AF-520E28199423}.Release|x64.Build.0 = Release|Any CPU
		{F0E00609-225E-4E91-98AF-520E28199423}.Release|x86.ActiveCfg = Release|Any CPU
		{F0E00609-225E-4E91-98AF-520E28199423}.Release|x86.Build.0 = Release|Any CPU
		{E1C5FECF-98D0-4C40-8EBE-E89A457E619B}.Debug|Any CPU.ActiveCfg = Debug|Any CPU
		{E1C5FECF-98D0-4C40-8EBE-E89A457E619B}.Debug|Any CPU.Build.0 = Debug|Any CPU
		{E1C5FECF-98D0-4C40-8EBE-E89A457E619B}.Debug|x64.ActiveCfg = Debug|Any CPU
		{E1C5FECF-98D0-4C40-8EBE-E89A457E619B}.Debug|x64.Build.0 = Debug|Any CPU
		{E1C5FECF-98D0-4C40-8EBE-E89A457E619B}.Debug|x86.ActiveCfg = Debug|Any CPU
		{E1C5FECF-98D0-4C40-8EBE-E89A457E619B}.Debug|x86.Build.0 = Debug|Any CPU
		{E1C5FECF-98D0-4C40-8EBE-E89A457E619B}.Release|Any CPU.ActiveCfg = Release|Any CPU
		{E1C5FECF-98D0-4C40-8EBE-E89A457E619B}.Release|Any CPU.Build.0 = Release|Any CPU
		{E1C5FECF-98D0-4C40-8EBE-E89A457E619B}.Release|x64.ActiveCfg = Release|Any CPU
		{E1C5FECF-98D0-4C40-8EBE-E89A457E619B}.Release|x64.Build.0 = Release|Any CPU
		{E1C5FECF-98D0-4C40-8EBE-E89A457E619B}.Release|x86.ActiveCfg = Release|Any CPU
		{E1C5FECF-98D0-4C40-8EBE-E89A457E619B}.Release|x86.Build.0 = Release|Any CPU
		{6562A34E-E975-4F5C-8F80-00067039A4DD}.Debug|Any CPU.ActiveCfg = Debug|Any CPU
		{6562A34E-E975-4F5C-8F80-00067039A4DD}.Debug|Any CPU.Build.0 = Debug|Any CPU
		{6562A34E-E975-4F5C-8F80-00067039A4DD}.Debug|x64.ActiveCfg = Debug|Any CPU
		{6562A34E-E975-4F5C-8F80-00067039A4DD}.Debug|x64.Build.0 = Debug|Any CPU
		{6562A34E-E975-4F5C-8F80-00067039A4DD}.Debug|x86.ActiveCfg = Debug|Any CPU
		{6562A34E-E975-4F5C-8F80-00067039A4DD}.Debug|x86.Build.0 = Debug|Any CPU
		{6562A34E-E975-4F5C-8F80-00067039A4DD}.Release|Any CPU.ActiveCfg = Release|Any CPU
		{6562A34E-E975-4F5C-8F80-00067039A4DD}.Release|Any CPU.Build.0 = Release|Any CPU
		{6562A34E-E975-4F5C-8F80-00067039A4DD}.Release|x64.ActiveCfg = Release|Any CPU
		{6562A34E-E975-4F5C-8F80-00067039A4DD}.Release|x64.Build.0 = Release|Any CPU
		{6562A34E-E975-4F5C-8F80-00067039A4DD}.Release|x86.ActiveCfg = Release|Any CPU
		{6562A34E-E975-4F5C-8F80-00067039A4DD}.Release|x86.Build.0 = Release|Any CPU
		{150EAB0D-ACE5-48D1-9EFC-E06E8BA99B08}.Debug|Any CPU.ActiveCfg = Debug|Any CPU
		{150EAB0D-ACE5-48D1-9EFC-E06E8BA99B08}.Debug|Any CPU.Build.0 = Debug|Any CPU
		{150EAB0D-ACE5-48D1-9EFC-E06E8BA99B08}.Debug|x64.ActiveCfg = Debug|Any CPU
		{150EAB0D-ACE5-48D1-9EFC-E06E8BA99B08}.Debug|x64.Build.0 = Debug|Any CPU
		{150EAB0D-ACE5-48D1-9EFC-E06E8BA99B08}.Debug|x86.ActiveCfg = Debug|Any CPU
		{150EAB0D-ACE5-48D1-9EFC-E06E8BA99B08}.Debug|x86.Build.0 = Debug|Any CPU
		{150EAB0D-ACE5-48D1-9EFC-E06E8BA99B08}.Release|Any CPU.ActiveCfg = Release|Any CPU
		{150EAB0D-ACE5-48D1-9EFC-E06E8BA99B08}.Release|Any CPU.Build.0 = Release|Any CPU
		{150EAB0D-ACE5-48D1-9EFC-E06E8BA99B08}.Release|x64.ActiveCfg = Release|Any CPU
		{150EAB0D-ACE5-48D1-9EFC-E06E8BA99B08}.Release|x64.Build.0 = Release|Any CPU
		{150EAB0D-ACE5-48D1-9EFC-E06E8BA99B08}.Release|x86.ActiveCfg = Release|Any CPU
		{150EAB0D-ACE5-48D1-9EFC-E06E8BA99B08}.Release|x86.Build.0 = Release|Any CPU
		{B3393620-21F3-4F2D-A0A0-C211D259BA29}.Debug|Any CPU.ActiveCfg = Debug|Any CPU
		{B3393620-21F3-4F2D-A0A0-C211D259BA29}.Debug|Any CPU.Build.0 = Debug|Any CPU
		{B3393620-21F3-4F2D-A0A0-C211D259BA29}.Debug|x64.ActiveCfg = Debug|Any CPU
		{B3393620-21F3-4F2D-A0A0-C211D259BA29}.Debug|x64.Build.0 = Debug|Any CPU
		{B3393620-21F3-4F2D-A0A0-C211D259BA29}.Debug|x86.ActiveCfg = Debug|Any CPU
		{B3393620-21F3-4F2D-A0A0-C211D259BA29}.Debug|x86.Build.0 = Debug|Any CPU
		{B3393620-21F3-4F2D-A0A0-C211D259BA29}.Release|Any CPU.ActiveCfg = Release|Any CPU
		{B3393620-21F3-4F2D-A0A0-C211D259BA29}.Release|Any CPU.Build.0 = Release|Any CPU
		{B3393620-21F3-4F2D-A0A0-C211D259BA29}.Release|x64.ActiveCfg = Release|Any CPU
		{B3393620-21F3-4F2D-A0A0-C211D259BA29}.Release|x64.Build.0 = Release|Any CPU
		{B3393620-21F3-4F2D-A0A0-C211D259BA29}.Release|x86.ActiveCfg = Release|Any CPU
		{B3393620-21F3-4F2D-A0A0-C211D259BA29}.Release|x86.Build.0 = Release|Any CPU
		{E21B83CE-2216-4EE2-955B-F98E3FE5A850}.Debug|Any CPU.ActiveCfg = Debug|Any CPU
		{E21B83CE-2216-4EE2-955B-F98E3FE5A850}.Debug|Any CPU.Build.0 = Debug|Any CPU
		{E21B83CE-2216-4EE2-955B-F98E3FE5A850}.Debug|x64.ActiveCfg = Debug|Any CPU
		{E21B83CE-2216-4EE2-955B-F98E3FE5A850}.Debug|x64.Build.0 = Debug|Any CPU
		{E21B83CE-2216-4EE2-955B-F98E3FE5A850}.Debug|x86.ActiveCfg = Debug|Any CPU
		{E21B83CE-2216-4EE2-955B-F98E3FE5A850}.Debug|x86.Build.0 = Debug|Any CPU
		{E21B83CE-2216-4EE2-955B-F98E3FE5A850}.Release|Any CPU.ActiveCfg = Release|Any CPU
		{E21B83CE-2216-4EE2-955B-F98E3FE5A850}.Release|Any CPU.Build.0 = Release|Any CPU
		{E21B83CE-2216-4EE2-955B-F98E3FE5A850}.Release|x64.ActiveCfg = Release|Any CPU
		{E21B83CE-2216-4EE2-955B-F98E3FE5A850}.Release|x64.Build.0 = Release|Any CPU
		{E21B83CE-2216-4EE2-955B-F98E3FE5A850}.Release|x86.ActiveCfg = Release|Any CPU
		{E21B83CE-2216-4EE2-955B-F98E3FE5A850}.Release|x86.Build.0 = Release|Any CPU
		{139B816D-15D7-49F1-8C87-ED0A035BCF33}.Debug|Any CPU.ActiveCfg = Debug|Any CPU
		{139B816D-15D7-49F1-8C87-ED0A035BCF33}.Debug|Any CPU.Build.0 = Debug|Any CPU
		{139B816D-15D7-49F1-8C87-ED0A035BCF33}.Debug|x64.ActiveCfg = Debug|Any CPU
		{139B816D-15D7-49F1-8C87-ED0A035BCF33}.Debug|x64.Build.0 = Debug|Any CPU
		{139B816D-15D7-49F1-8C87-ED0A035BCF33}.Debug|x86.ActiveCfg = Debug|Any CPU
		{139B816D-15D7-49F1-8C87-ED0A035BCF33}.Debug|x86.Build.0 = Debug|Any CPU
		{139B816D-15D7-49F1-8C87-ED0A035BCF33}.Release|Any CPU.ActiveCfg = Release|Any CPU
		{139B816D-15D7-49F1-8C87-ED0A035BCF33}.Release|Any CPU.Build.0 = Release|Any CPU
		{139B816D-15D7-49F1-8C87-ED0A035BCF33}.Release|x64.ActiveCfg = Release|Any CPU
		{139B816D-15D7-49F1-8C87-ED0A035BCF33}.Release|x64.Build.0 = Release|Any CPU
		{139B816D-15D7-49F1-8C87-ED0A035BCF33}.Release|x86.ActiveCfg = Release|Any CPU
		{139B816D-15D7-49F1-8C87-ED0A035BCF33}.Release|x86.Build.0 = Release|Any CPU
		{5C50B266-EDA4-479D-BB5E-22296C1E3C55}.Debug|Any CPU.ActiveCfg = Debug|Any CPU
		{5C50B266-EDA4-479D-BB5E-22296C1E3C55}.Debug|Any CPU.Build.0 = Debug|Any CPU
		{5C50B266-EDA4-479D-BB5E-22296C1E3C55}.Debug|x64.ActiveCfg = Debug|Any CPU
		{5C50B266-EDA4-479D-BB5E-22296C1E3C55}.Debug|x64.Build.0 = Debug|Any CPU
		{5C50B266-EDA4-479D-BB5E-22296C1E3C55}.Debug|x86.ActiveCfg = Debug|Any CPU
		{5C50B266-EDA4-479D-BB5E-22296C1E3C55}.Debug|x86.Build.0 = Debug|Any CPU
		{5C50B266-EDA4-479D-BB5E-22296C1E3C55}.Release|Any CPU.ActiveCfg = Release|Any CPU
		{5C50B266-EDA4-479D-BB5E-22296C1E3C55}.Release|Any CPU.Build.0 = Release|Any CPU
		{5C50B266-EDA4-479D-BB5E-22296C1E3C55}.Release|x64.ActiveCfg = Release|Any CPU
		{5C50B266-EDA4-479D-BB5E-22296C1E3C55}.Release|x64.Build.0 = Release|Any CPU
		{5C50B266-EDA4-479D-BB5E-22296C1E3C55}.Release|x86.ActiveCfg = Release|Any CPU
		{5C50B266-EDA4-479D-BB5E-22296C1E3C55}.Release|x86.Build.0 = Release|Any CPU
		{AC63C45B-1AD4-4406-9227-D24D6704B277}.Debug|Any CPU.ActiveCfg = Debug|Any CPU
		{AC63C45B-1AD4-4406-9227-D24D6704B277}.Debug|Any CPU.Build.0 = Debug|Any CPU
		{AC63C45B-1AD4-4406-9227-D24D6704B277}.Debug|x64.ActiveCfg = Debug|Any CPU
		{AC63C45B-1AD4-4406-9227-D24D6704B277}.Debug|x64.Build.0 = Debug|Any CPU
		{AC63C45B-1AD4-4406-9227-D24D6704B277}.Debug|x86.ActiveCfg = Debug|Any CPU
		{AC63C45B-1AD4-4406-9227-D24D6704B277}.Debug|x86.Build.0 = Debug|Any CPU
		{AC63C45B-1AD4-4406-9227-D24D6704B277}.Release|Any CPU.ActiveCfg = Release|Any CPU
		{AC63C45B-1AD4-4406-9227-D24D6704B277}.Release|Any CPU.Build.0 = Release|Any CPU
		{AC63C45B-1AD4-4406-9227-D24D6704B277}.Release|x64.ActiveCfg = Release|Any CPU
		{AC63C45B-1AD4-4406-9227-D24D6704B277}.Release|x64.Build.0 = Release|Any CPU
		{AC63C45B-1AD4-4406-9227-D24D6704B277}.Release|x86.ActiveCfg = Release|Any CPU
		{AC63C45B-1AD4-4406-9227-D24D6704B277}.Release|x86.Build.0 = Release|Any CPU
		{8FFF4FC4-250D-43C6-B902-764219E9F51B}.Debug|Any CPU.ActiveCfg = Debug|Any CPU
		{8FFF4FC4-250D-43C6-B902-764219E9F51B}.Debug|Any CPU.Build.0 = Debug|Any CPU
		{8FFF4FC4-250D-43C6-B902-764219E9F51B}.Debug|x64.ActiveCfg = Debug|Any CPU
		{8FFF4FC4-250D-43C6-B902-764219E9F51B}.Debug|x64.Build.0 = Debug|Any CPU
		{8FFF4FC4-250D-43C6-B902-764219E9F51B}.Debug|x86.ActiveCfg = Debug|Any CPU
		{8FFF4FC4-250D-43C6-B902-764219E9F51B}.Debug|x86.Build.0 = Debug|Any CPU
		{8FFF4FC4-250D-43C6-B902-764219E9F51B}.Release|Any CPU.ActiveCfg = Release|Any CPU
		{8FFF4FC4-250D-43C6-B902-764219E9F51B}.Release|Any CPU.Build.0 = Release|Any CPU
		{8FFF4FC4-250D-43C6-B902-764219E9F51B}.Release|x64.ActiveCfg = Release|Any CPU
		{8FFF4FC4-250D-43C6-B902-764219E9F51B}.Release|x64.Build.0 = Release|Any CPU
		{8FFF4FC4-250D-43C6-B902-764219E9F51B}.Release|x86.ActiveCfg = Release|Any CPU
		{8FFF4FC4-250D-43C6-B902-764219E9F51B}.Release|x86.Build.0 = Release|Any CPU
		{45D22FB6-D323-40EA-BF20-17C40CF58CFE}.Debug|Any CPU.ActiveCfg = Debug|Any CPU
		{45D22FB6-D323-40EA-BF20-17C40CF58CFE}.Debug|Any CPU.Build.0 = Debug|Any CPU
		{45D22FB6-D323-40EA-BF20-17C40CF58CFE}.Debug|x64.ActiveCfg = Debug|Any CPU
		{45D22FB6-D323-40EA-BF20-17C40CF58CFE}.Debug|x64.Build.0 = Debug|Any CPU
		{45D22FB6-D323-40EA-BF20-17C40CF58CFE}.Debug|x86.ActiveCfg = Debug|Any CPU
		{45D22FB6-D323-40EA-BF20-17C40CF58CFE}.Debug|x86.Build.0 = Debug|Any CPU
		{45D22FB6-D323-40EA-BF20-17C40CF58CFE}.Release|Any CPU.ActiveCfg = Release|Any CPU
		{45D22FB6-D323-40EA-BF20-17C40CF58CFE}.Release|Any CPU.Build.0 = Release|Any CPU
		{45D22FB6-D323-40EA-BF20-17C40CF58CFE}.Release|x64.ActiveCfg = Release|Any CPU
		{45D22FB6-D323-40EA-BF20-17C40CF58CFE}.Release|x64.Build.0 = Release|Any CPU
		{45D22FB6-D323-40EA-BF20-17C40CF58CFE}.Release|x86.ActiveCfg = Release|Any CPU
		{45D22FB6-D323-40EA-BF20-17C40CF58CFE}.Release|x86.Build.0 = Release|Any CPU
		{0FA9B17A-EE4D-463E-9248-BE12EC101926}.Debug|Any CPU.ActiveCfg = Debug|Any CPU
		{0FA9B17A-EE4D-463E-9248-BE12EC101926}.Debug|Any CPU.Build.0 = Debug|Any CPU
		{0FA9B17A-EE4D-463E-9248-BE12EC101926}.Debug|x64.ActiveCfg = Debug|Any CPU
		{0FA9B17A-EE4D-463E-9248-BE12EC101926}.Debug|x64.Build.0 = Debug|Any CPU
		{0FA9B17A-EE4D-463E-9248-BE12EC101926}.Debug|x86.ActiveCfg = Debug|Any CPU
		{0FA9B17A-EE4D-463E-9248-BE12EC101926}.Debug|x86.Build.0 = Debug|Any CPU
		{0FA9B17A-EE4D-463E-9248-BE12EC101926}.Release|Any CPU.ActiveCfg = Release|Any CPU
		{0FA9B17A-EE4D-463E-9248-BE12EC101926}.Release|Any CPU.Build.0 = Release|Any CPU
		{0FA9B17A-EE4D-463E-9248-BE12EC101926}.Release|x64.ActiveCfg = Release|Any CPU
		{0FA9B17A-EE4D-463E-9248-BE12EC101926}.Release|x64.Build.0 = Release|Any CPU
		{0FA9B17A-EE4D-463E-9248-BE12EC101926}.Release|x86.ActiveCfg = Release|Any CPU
		{0FA9B17A-EE4D-463E-9248-BE12EC101926}.Release|x86.Build.0 = Release|Any CPU
		{C2312955-DAC9-49D9-8C6F-EBFAA9CB87C9}.Debug|Any CPU.ActiveCfg = Debug|Any CPU
		{C2312955-DAC9-49D9-8C6F-EBFAA9CB87C9}.Debug|Any CPU.Build.0 = Debug|Any CPU
		{C2312955-DAC9-49D9-8C6F-EBFAA9CB87C9}.Debug|x64.ActiveCfg = Debug|Any CPU
		{C2312955-DAC9-49D9-8C6F-EBFAA9CB87C9}.Debug|x64.Build.0 = Debug|Any CPU
		{C2312955-DAC9-49D9-8C6F-EBFAA9CB87C9}.Debug|x86.ActiveCfg = Debug|Any CPU
		{C2312955-DAC9-49D9-8C6F-EBFAA9CB87C9}.Debug|x86.Build.0 = Debug|Any CPU
		{C2312955-DAC9-49D9-8C6F-EBFAA9CB87C9}.Release|Any CPU.ActiveCfg = Release|Any CPU
		{C2312955-DAC9-49D9-8C6F-EBFAA9CB87C9}.Release|Any CPU.Build.0 = Release|Any CPU
		{C2312955-DAC9-49D9-8C6F-EBFAA9CB87C9}.Release|x64.ActiveCfg = Release|Any CPU
		{C2312955-DAC9-49D9-8C6F-EBFAA9CB87C9}.Release|x64.Build.0 = Release|Any CPU
		{C2312955-DAC9-49D9-8C6F-EBFAA9CB87C9}.Release|x86.ActiveCfg = Release|Any CPU
		{C2312955-DAC9-49D9-8C6F-EBFAA9CB87C9}.Release|x86.Build.0 = Release|Any CPU
		{5BDD2293-F62A-42CF-9C4E-A7DD48125377}.Debug|Any CPU.ActiveCfg = Debug|Any CPU
		{5BDD2293-F62A-42CF-9C4E-A7DD48125377}.Debug|Any CPU.Build.0 = Debug|Any CPU
		{5BDD2293-F62A-42CF-9C4E-A7DD48125377}.Debug|x64.ActiveCfg = Debug|Any CPU
		{5BDD2293-F62A-42CF-9C4E-A7DD48125377}.Debug|x64.Build.0 = Debug|Any CPU
		{5BDD2293-F62A-42CF-9C4E-A7DD48125377}.Debug|x86.ActiveCfg = Debug|Any CPU
		{5BDD2293-F62A-42CF-9C4E-A7DD48125377}.Debug|x86.Build.0 = Debug|Any CPU
		{5BDD2293-F62A-42CF-9C4E-A7DD48125377}.Release|Any CPU.ActiveCfg = Release|Any CPU
		{5BDD2293-F62A-42CF-9C4E-A7DD48125377}.Release|Any CPU.Build.0 = Release|Any CPU
		{5BDD2293-F62A-42CF-9C4E-A7DD48125377}.Release|x64.ActiveCfg = Release|Any CPU
		{5BDD2293-F62A-42CF-9C4E-A7DD48125377}.Release|x64.Build.0 = Release|Any CPU
		{5BDD2293-F62A-42CF-9C4E-A7DD48125377}.Release|x86.ActiveCfg = Release|Any CPU
		{5BDD2293-F62A-42CF-9C4E-A7DD48125377}.Release|x86.Build.0 = Release|Any CPU
		{1DCFE39A-DA11-4E3B-94C1-340EF4878006}.Debug|Any CPU.ActiveCfg = Debug|Any CPU
		{1DCFE39A-DA11-4E3B-94C1-340EF4878006}.Debug|Any CPU.Build.0 = Debug|Any CPU
		{1DCFE39A-DA11-4E3B-94C1-340EF4878006}.Debug|x64.ActiveCfg = Debug|Any CPU
		{1DCFE39A-DA11-4E3B-94C1-340EF4878006}.Debug|x64.Build.0 = Debug|Any CPU
		{1DCFE39A-DA11-4E3B-94C1-340EF4878006}.Debug|x86.ActiveCfg = Debug|Any CPU
		{1DCFE39A-DA11-4E3B-94C1-340EF4878006}.Debug|x86.Build.0 = Debug|Any CPU
		{1DCFE39A-DA11-4E3B-94C1-340EF4878006}.Release|Any CPU.ActiveCfg = Release|Any CPU
		{1DCFE39A-DA11-4E3B-94C1-340EF4878006}.Release|Any CPU.Build.0 = Release|Any CPU
		{1DCFE39A-DA11-4E3B-94C1-340EF4878006}.Release|x64.ActiveCfg = Release|Any CPU
		{1DCFE39A-DA11-4E3B-94C1-340EF4878006}.Release|x64.Build.0 = Release|Any CPU
		{1DCFE39A-DA11-4E3B-94C1-340EF4878006}.Release|x86.ActiveCfg = Release|Any CPU
		{1DCFE39A-DA11-4E3B-94C1-340EF4878006}.Release|x86.Build.0 = Release|Any CPU
	EndGlobalSection
	GlobalSection(SolutionProperties) = preSolution
		HideSolutionNode = FALSE
	EndGlobalSection
	GlobalSection(NestedProjects) = preSolution
		{33907D2F-D09D-47C4-B620-7D52C8DF947F} = {F430418C-DA65-43B2-A973-2EA966ED645C}
		{9A2C27BA-B0F7-4107-B849-645F96997B36} = {827E0CD3-B72D-47B6-A68D-7590B98EB39B}
		{E1C5FECF-98D0-4C40-8EBE-E89A457E619B} = {9A2C27BA-B0F7-4107-B849-645F96997B36}
		{6562A34E-E975-4F5C-8F80-00067039A4DD} = {9A2C27BA-B0F7-4107-B849-645F96997B36}
		{150EAB0D-ACE5-48D1-9EFC-E06E8BA99B08} = {9A2C27BA-B0F7-4107-B849-645F96997B36}
		{B3393620-21F3-4F2D-A0A0-C211D259BA29} = {9A2C27BA-B0F7-4107-B849-645F96997B36}
		{E21B83CE-2216-4EE2-955B-F98E3FE5A850} = {827E0CD3-B72D-47B6-A68D-7590B98EB39B}
		{1AB905AC-FE2D-405E-94C6-18DD664B121D} = {827E0CD3-B72D-47B6-A68D-7590B98EB39B}
		{7725F0AA-F040-43B4-995D-A21759B3494B} = {1AB905AC-FE2D-405E-94C6-18DD664B121D}
		{139B816D-15D7-49F1-8C87-ED0A035BCF33} = {1AB905AC-FE2D-405E-94C6-18DD664B121D}
		{5C50B266-EDA4-479D-BB5E-22296C1E3C55} = {1AB905AC-FE2D-405E-94C6-18DD664B121D}
		{AC63C45B-1AD4-4406-9227-D24D6704B277} = {1AB905AC-FE2D-405E-94C6-18DD664B121D}
		{1DC89932-90C3-4810-8EC0-8605ABAF6BE9} = {827E0CD3-B72D-47B6-A68D-7590B98EB39B}
		{E2B8FFDC-7FCF-47BE-BD2B-4BDA635057E9} = {1DC89932-90C3-4810-8EC0-8605ABAF6BE9}
		{F0E00609-225E-4E91-98AF-520E28199423} = {827E0CD3-B72D-47B6-A68D-7590B98EB39B}
		{1C147B7E-3CB0-4B6C-95AF-BA5FE7170B83} = {827E0CD3-B72D-47B6-A68D-7590B98EB39B}
		{8FFF4FC4-250D-43C6-B902-764219E9F51B} = {F430418C-DA65-43B2-A973-2EA966ED645C}
		{45D22FB6-D323-40EA-BF20-17C40CF58CFE} = {1AB905AC-FE2D-405E-94C6-18DD664B121D}
		{0FA9B17A-EE4D-463E-9248-BE12EC101926} = {1DC89932-90C3-4810-8EC0-8605ABAF6BE9}
		{C2312955-DAC9-49D9-8C6F-EBFAA9CB87C9} = {1DC89932-90C3-4810-8EC0-8605ABAF6BE9}
		{5BDD2293-F62A-42CF-9C4E-A7DD48125377} = {1DC89932-90C3-4810-8EC0-8605ABAF6BE9}
		{1DCFE39A-DA11-4E3B-94C1-340EF4878006} = {1DC89932-90C3-4810-8EC0-8605ABAF6BE9}
	EndGlobalSection
EndGlobal
